{
  "version": 4,
  "terraform_version": "1.4.6",
  "serial": 24,
  "lineage": "64997eed-e9b4-e480-bd6c-1961652daa39",
  "outputs": {},
  "resources": [
    {
      "mode": "managed",
      "type": "libvirt_cloudinit_disk",
      "name": "init",
      "provider": "provider[\"registry.terraform.io/dmacvicar/libvirt\"]",
      "instances": [
        {
          "schema_version": 0,
          "attributes": {
            "id": "/var/lib/libvirt/images/cloud-init.iso;fc4b7a86-9c27-47dc-83e0-b6b438b07e51",
            "meta_data": "",
            "name": "cloud-init.iso",
            "network_config": "",
            "pool": "default",
            "user_data": "#cloud-config\nusers:\n  - name: zampolit\n    sudo: ['ALL=(ALL) NOPASSWD:ALL']\n    shell: /bin/bash\n    passwd: \"$6$z/XbnTo.uuH/P6TQ$nE.OVfOviNF6LhatK1agXtxlUUrf8lab3EX0BG8a9AiU1vCV8hIau5hC79BXVDZAC6XHHg26VO7IXjVmqfjZH1\"\n    lock_passwd: false\n    ssh-authorized-keys:\n      - ssh-ed25519 AAAAC3NzaC1lZDI1NTE5AAAAIH1GkvZzfyCm71+VYbTsBdCFZR/r04R/pN4YQ5O3LjnB zampolit@noutbook.zampolit.ru\n\n# Команды для выполнения после загрузки\nruncmd:\n  - [ sh, -c, 'echo \"Hello, world\" \u003e /home/zampolit/index.html' ]\n  - [ sh, -c, 'cd /home/zampolit \u0026\u0026 nohup busybox httpd -f -p 8080 \u0026' ]\n"
          },
          "sensitive_attributes": [],
          "private": "bnVsbA=="
        }
      ]
    },
    {
      "mode": "managed",
      "type": "libvirt_domain",
      "name": "vm1",
      "provider": "provider[\"registry.terraform.io/dmacvicar/libvirt\"]",
      "instances": [
        {
          "schema_version": 0,
          "attributes": {
            "arch": "x86_64",
            "autostart": false,
            "boot_device": [],
            "cloudinit": "/var/lib/libvirt/images/cloud-init.iso;fc4b7a86-9c27-47dc-83e0-b6b438b07e51",
            "cmdline": null,
            "console": [
              {
                "source_host": "127.0.0.1",
                "source_path": "",
                "source_service": "0",
                "target_port": "0",
                "target_type": "serial",
                "type": "pty"
              }
            ],
            "coreos_ignition": null,
            "cpu": [
              {
                "mode": "custom"
              }
            ],
            "description": "",
            "disk": [
              {
                "block_device": "",
                "file": "",
                "scsi": false,
                "url": "",
                "volume_id": "/var/lib/libvirt/images/debian-13-genericcloud-amd64.qcow2",
                "wwn": ""
              }
            ],
            "emulator": "/usr/bin/qemu-system-x86_64",
            "filesystem": [],
            "firmware": null,
            "fw_cfg_name": "opt/com.coreos/config",
            "graphics": [
              {
                "autoport": true,
                "listen_address": "127.0.0.1",
                "listen_type": "address",
                "type": "vnc",
                "websocket": 0
              }
            ],
            "id": "8dc71e4e-6eaa-4972-9ebc-7fa0c91fd071",
            "initrd": "",
            "kernel": "",
            "machine": "pc",
            "memory": 2048,
            "metadata": null,
            "name": "vm1",
            "network_interface": [
              {
                "addresses": [],
                "bridge": "",
                "hostname": "vm1.example.com",
                "mac": "52:54:00:12:34:56",
                "macvtap": "",
                "network_id": "76d3e5c0-1a30-44b4-bc5c-8861d68cdcb9",
                "network_name": "default",
                "passthrough": "",
                "vepa": "",
                "wait_for_lease": false
              }
            ],
            "nvram": [],
            "qemu_agent": false,
            "running": true,
            "timeouts": null,
            "tpm": [],
            "type": "kvm",
            "vcpu": 2,
            "video": [],
            "xml": []
          },
          "sensitive_attributes": [],
          "private": "eyJlMmJmYjczMC1lY2FhLTExZTYtOGY4OC0zNDM2M2JjN2M0YzAiOnsiY3JlYXRlIjozMDAwMDAwMDAwMDB9fQ==",
          "dependencies": [
            "libvirt_cloudinit_disk.init",
            "libvirt_volume.debian"
          ]
        }
      ]
    },
    {
      "mode": "managed",
      "type": "libvirt_pool",
      "name": "default",
      "provider": "provider[\"registry.terraform.io/dmacvicar/libvirt\"]",
      "instances": [
        {
          "schema_version": 0,
          "attributes": {
            "allocation": 5061419008,
            "available": 14886510592,
            "capacity": 19947929600,
            "id": "3d6a28c4-7267-4700-8b81-aa89442c3392",
            "name": "default",
            "path": "/var/lib/libvirt/images",
            "type": "dir",
            "xml": []
          },
          "sensitive_attributes": [],
          "private": "bnVsbA=="
        }
      ]
    },
    {
      "mode": "managed",
      "type": "libvirt_volume",
      "name": "debian",
      "provider": "provider[\"registry.terraform.io/dmacvicar/libvirt\"]",
      "instances": [
        {
          "schema_version": 0,
          "attributes": {
            "base_volume_id": null,
            "base_volume_name": null,
            "base_volume_pool": null,
            "format": "qcow2",
            "id": "/var/lib/libvirt/images/debian-13-genericcloud-amd64.qcow2",
            "name": "debian-13-genericcloud-amd64.qcow2",
            "pool": "default",
            "size": 3221225472,
            "source": "https://cloud.debian.org/images/cloud/trixie/latest/debian-13-genericcloud-amd64.qcow2",
            "xml": []
          },
          "sensitive_attributes": [],
          "private": "bnVsbA==",
          "dependencies": [
            "libvirt_pool.default"
          ]
        }
      ]
    }
  ],
  "check_results": null
}
